
Microsoft Visual Studio Solution File, Format Version 12.00
# Visual Studio Version 16
VisualStudioVersion = 16.0.30011.22
MinimumVisualStudioVersion = 10.0.40219.1
Project("{FAE04EC0-301F-11D3-BF4B-00C04F79EFBC}") = "PPAplicada1", "PPAplicada1.csproj", "{FC1116CA-67FD-4AFC-833C-D9489315B5E4}"
EndProject
Global
	GlobalSection(SolutionConfigurationPlatforms) = preSolution
		Debug|Any CPU = Debug|Any CPU
		Release|Any CPU = Release|Any CPU
	EndGlobalSection
	GlobalSection(ProjectConfigurationPlatforms) = postSolution
		{FC1116CA-67FD-4AFC-833C-D9489315B5E4}.Debug|Any CPU.ActiveCfg = Debug|Any CPU
		{FC1116CA-67FD-4AFC-833C-D9489315B5E4}.Debug|Any CPU.Build.0 = Debug|Any CPU
		{FC1116CA-67FD-4AFC-833C-D9489315B5E4}.Release|Any CPU.ActiveCfg = Release|Any CPU
		{FC1116CA-67FD-4AFC-833C-D9489315B5E4}.Release|Any CPU.Build.0 = Release|Any CPU
	EndGlobalSection
	GlobalSection(SolutionProperties) = preSolution
		HideSolutionNode = FALSE
	EndGlobalSection
	GlobalSection(ExtensibilityGlobals) = postSolution
		SolutionGuid = {24B8F1A9-22D5-4B8F-BBCF-4B673C0603C6}
	EndGlobalSection
EndGlobal
